{
  "name": "assets",
  "lockfileVersion": 3,
  "requires": true,
  "packages": {
    "": {
      "dependencies": {
        "@tailwindcss/container-queries": "^0.1.1",
        "audiomotion-analyzer": "^4.5.1",
        "live_select": "file:../deps/live_select",
        "phoenix-custom-event-hook": "^0.0.6"
      }
    },
    "../deps/live_select": {
      "version": "1.7.5",
      "license": "Apache License 2.0"
    },
    "node_modules/@tailwindcss/container-queries": {
      "version": "0.1.1",
      "resolved": "https://registry.npmjs.org/@tailwindcss/container-queries/-/container-queries-0.1.1.tgz",
      "integrity": "sha512-p18dswChx6WnTSaJCSGx6lTmrGzNNvm2FtXmiO6AuA1V4U5REyoqwmT6kgAsIMdjo07QdAfYXHJ4hnMtfHzWgA==",
      "license": "MIT",
      "peerDependencies": {
        "tailwindcss": ">=3.2.0"
      }
    },
    "node_modules/audiomotion-analyzer": {
      "version": "4.5.1",
      "resolved": "https://registry.npmjs.org/audiomotion-analyzer/-/audiomotion-analyzer-4.5.1.tgz",
      "integrity": "sha512-vEO5HgivsZa9ZhQDItSMjXD5+qsRu6rAEKzAmrg7HbOFeM4tPVrE/wxiRREWxzbGpuH9NZT4Ze+v95G1w/rRAA==",
      "license": "AGPL-3.0-or-later",
      "funding": {
        "type": "Ko-fi",
        "url": "https://ko-fi.com/hvianna"
      }
    },
    "node_modules/live_select": {
      "resolved": "../deps/live_select",
      "link": true
    },
    "node_modules/ms": {
      "version": "2.1.3",
      "resolved": "https://registry.npmjs.org/ms/-/ms-2.1.3.tgz",
      "integrity": "sha512-6FlzubTLZG3J2a/NVCAleEhjzq5oxgHyaCU9yYXvcLsvoVaHJq/s5xXI6/XXP6tz7R9xAOtHnSO/tXtF3WRTlA==",
      "license": "MIT"
    },
    "node_modules/phoenix-custom-event-hook": {
      "version": "0.0.6",
      "resolved": "https://registry.npmjs.org/phoenix-custom-event-hook/-/phoenix-custom-event-hook-0.0.6.tgz",
      "integrity": "sha512-6rPab4rL3UwhV1En4ACvwbyG7Y3o0/I2yJDpI6BgHdt8ie/LaMG+OL3MjYt67kGybWYGC/EhyXdUsZGng3dqtA==",
      "dependencies": {
        "ms": "^2.0.0"
      }
    },
    "node_modules/tailwindcss": {
      "version": "4.1.11",
      "resolved": "https://registry.npmjs.org/tailwindcss/-/tailwindcss-4.1.11.tgz",
      "integrity": "sha512-2E9TBm6MDD/xKYe+dvJZAmg3yxIEDNRc0jwlNyDg/4Fil2QcSLjFKGVff0lAf1jjeaArlG/M75Ey/EYr/OJtBA==",
      "license": "MIT",
      "peer": true
    }
  }
}
