lockfileVersion: '9.0'

settings:
  autoInstallPeers: true
  excludeLinksFromLockfile: false

importers:

  .:
    dependencies:
      '@types/howler':
        specifier: ^2.2.12
        version: 2.2.12
      audiomotion-analyzer:
        specifier: ^4.5.1
        version: 4.5.1
      howler:
        specifier: ^2.2.4
        version: 2.2.4

packages:

  '@types/howler@2.2.12':
    resolution: {integrity: sha512-hy769UICzOSdK0Kn1FBk4gN+lswcj1EKRkmiDtMkUGvFfYJzgaDXmVXkSShS2m89ERAatGIPnTUlp2HhfkVo5g==}

  audiomotion-analyzer@4.5.1:
    resolution: {integrity: sha512-vEO5HgivsZa9ZhQDItSMjXD5+qsRu6rAEKzAmrg7HbOFeM4tPVrE/wxiRREWxzbGpuH9NZT4Ze+v95G1w/rRAA==}

  howler@2.2.4:
    resolution: {integrity: sha512-iARIBPgcQrwtEr+tALF+rapJ8qSc+Set2GJQl7xT1MQzWaVkFebdJhR3alVlSiUf5U7nAANKuj3aWpwerocD5w==}

snapshots:

  '@types/howler@2.2.12': {}

  audiomotion-analyzer@4.5.1: {}

  howler@2.2.4: {}
